// !$*UTF8*$!
{
	archiveVersion = 1;
	classes = {
	};
	objectVersion = 50;
	objects = {

/* Begin PBXBuildFile section */
		4C1C4063228445AE004672CE /* AdSupport.framework in Frameworks */ = {isa = PBXBuildFile; fileRef = 4C98A865228156C100432696 /* AdSupport.framework */; };
		4C1C4064228445B4004672CE /* AVFoundation.framework in Frameworks */ = {isa = PBXBuildFile; fileRef = 4C98A85F2281560200432696 /* AVFoundation.framework */; };
		4C1C4066228445C9004672CE /* CoreMedia.framework in Frameworks */ = {isa = PBXBuildFile; fileRef = 4C98A8612281562900432696 /* CoreMedia.framework */; };
		4C1C4067228445CE004672CE /* WebKit.framework in Frameworks */ = {isa = PBXBuildFile; fileRef = 4C98A867228156D100432696 /* WebKit.framework */; };
		4C32860722B11E2F00EB0D9F /* AdGateMedia.bundle in Resources */ = {isa = PBXBuildFile; fileRef = 4C32860522B11E2F00EB0D9F /* AdGateMedia.bundle */; };
		4C32860822B11E2F00EB0D9F /* AdGateMedia.framework in Frameworks */ = {isa = PBXBuildFile; fileRef = 4C32860622B11E2F00EB0D9F /* AdGateMedia.framework */; };
		4C630EE92275F7A6006575B2 /* AppDelegate.m in Sources */ = {isa = PBXBuildFile; fileRef = 4C630EE82275F7A6006575B2 /* AppDelegate.m */; };
		4C630EEC2275F7A6006575B2 /* ViewController.m in Sources */ = {isa = PBXBuildFile; fileRef = 4C630EEB2275F7A6006575B2 /* ViewController.m */; };
		4C630EEF2275F7A6006575B2 /* Main.storyboard in Resources */ = {isa = PBXBuildFile; fileRef = 4C630EED2275F7A6006575B2 /* Main.storyboard */; };
		4C630EF12275F7B0006575B2 /* Assets.xcassets in Resources */ = {isa = PBXBuildFile; fileRef = 4C630EF02275F7B0006575B2 /* Assets.xcassets */; };
		4C630EF42275F7B0006575B2 /* LaunchScreen.storyboard in Resources */ = {isa = PBXBuildFile; fileRef = 4C630EF22275F7B0006575B2 /* LaunchScreen.storyboard */; };
		4C630EF72275F7B0006575B2 /* main.m in Sources */ = {isa = PBXBuildFile; fileRef = 4C630EF62275F7B0006575B2 /* main.m */; };
/* End PBXBuildFile section */

/* Begin PBXFileReference section */
		4C32860522B11E2F00EB0D9F /* AdGateMedia.bundle */ = {isa = PBXFileReference; lastKnownFileType = "wrapper.plug-in"; path = AdGateMedia.bundle; sourceTree = "<group>"; };
		4C32860622B11E2F00EB0D9F /* AdGateMedia.framework */ = {isa = PBXFileReference; lastKnownFileType = wrapper.framework; path = AdGateMedia.framework; sourceTree = "<group>"; };
		4C630EE42275F7A6006575B2 /* AdGateMedia Demo.app */ = {isa = PBXFileReference; explicitFileType = wrapper.application; includeInIndex = 0; path = "AdGateMedia Demo.app"; sourceTree = BUILT_PRODUCTS_DIR; };
		4C630EE72275F7A6006575B2 /* AppDelegate.h */ = {isa = PBXFileReference; lastKnownFileType = sourcecode.c.h; path = AppDelegate.h; sourceTree = "<group>"; };
		4C630EE82275F7A6006575B2 /* AppDelegate.m */ = {isa = PBXFileReference; lastKnownFileType = sourcecode.c.objc; path = AppDelegate.m; sourceTree = "<group>"; };
		4C630EEA2275F7A6006575B2 /* ViewController.h */ = {isa = PBXFileReference; lastKnownFileType = sourcecode.c.h; path = ViewController.h; sourceTree = "<group>"; };
		4C630EEB2275F7A6006575B2 /* ViewController.m */ = {isa = PBXFileReference; lastKnownFileType = sourcecode.c.objc; path = ViewController.m; sourceTree = "<group>"; };
		4C630EEE2275F7A6006575B2 /* Base */ = {isa = PBXFileReference; lastKnownFileType = file.storyboard; name = Base; path = Base.lproj/Main.storyboard; sourceTree = "<group>"; };
		4C630EF02275F7B0006575B2 /* Assets.xcassets */ = {isa = PBXFileReference; lastKnownFileType = folder.assetcatalog; path = Assets.xcassets; sourceTree = "<group>"; };
		4C630EF32275F7B0006575B2 /* Base */ = {isa = PBXFileReference; lastKnownFileType = file.storyboard; name = Base; path = Base.lproj/LaunchScreen.storyboard; sourceTree = "<group>"; };
		4C630EF52275F7B0006575B2 /* Info.plist */ = {isa = PBXFileReference; lastKnownFileType = text.plist.xml; path = Info.plist; sourceTree = "<group>"; };
		4C630EF62275F7B0006575B2 /* main.m */ = {isa = PBXFileReference; lastKnownFileType = sourcecode.c.objc; path = main.m; sourceTree = "<group>"; };
		4C98A85B228155E600432696 /* Foundation.framework */ = {isa = PBXFileReference; lastKnownFileType = wrapper.framework; name = Foundation.framework; path = System/Library/Frameworks/Foundation.framework; sourceTree = SDKROOT; };
		4C98A85D228155EB00432696 /* UIKit.framework */ = {isa = PBXFileReference; lastKnownFileType = wrapper.framework; name = UIKit.framework; path = System/Library/Frameworks/UIKit.framework; sourceTree = SDKROOT; };
		4C98A85F2281560200432696 /* AVFoundation.framework */ = {isa = PBXFileReference; lastKnownFileType = wrapper.framework; name = AVFoundation.framework; path = System/Library/Frameworks/AVFoundation.framework; sourceTree = SDKROOT; };
		4C98A8612281562900432696 /* CoreMedia.framework */ = {isa = PBXFileReference; lastKnownFileType = wrapper.framework; name = CoreMedia.framework; path = System/Library/Frameworks/CoreMedia.framework; sourceTree = SDKROOT; };
		4C98A8632281563B00432696 /* CoreGraphics.framework */ = {isa = PBXFileReference; lastKnownFileType = wrapper.framework; name = CoreGraphics.framework; path = System/Library/Frameworks/CoreGraphics.framework; sourceTree = SDKROOT; };
		4C98A865228156C100432696 /* AdSupport.framework */ = {isa = PBXFileReference; lastKnownFileType = wrapper.framework; name = AdSupport.framework; path = System/Library/Frameworks/AdSupport.framework; sourceTree = SDKROOT; };
		4C98A867228156D100432696 /* WebKit.framework */ = {isa = PBXFileReference; lastKnownFileType = wrapper.framework; name = WebKit.framework; path = System/Library/Frameworks/WebKit.framework; sourceTree = SDKROOT; };
/* End PBXFileReference section */

/* Begin PBXFrameworksBuildPhase section */
		4C630EE12275F7A6006575B2 /* Frameworks */ = {
			isa = PBXFrameworksBuildPhase;
			buildActionMask = 2147483647;
			files = (
				4C32860822B11E2F00EB0D9F /* AdGateMedia.framework in Frameworks */,
				4C1C4067228445CE004672CE /* WebKit.framework in Frameworks */,
				4C1C4066228445C9004672CE /* CoreMedia.framework in Frameworks */,
				4C1C4064228445B4004672CE /* AVFoundation.framework in Frameworks */,
				4C1C4063228445AE004672CE /* AdSupport.framework in Frameworks */,
			);
			runOnlyForDeploymentPostprocessing = 0;
		};
/* End PBXFrameworksBuildPhase section */

/* Begin PBXGroup section */
		4C32860422B11E2F00EB0D9F /* AdGateMedia_UniversalFramework */ = {
			isa = PBXGroup;
			children = (
				4C32860522B11E2F00EB0D9F /* AdGateMedia.bundle */,
				4C32860622B11E2F00EB0D9F /* AdGateMedia.framework */,
			);
			name = AdGateMedia_UniversalFramework;
			path = ../AdGateMedia_UniversalFramework;
			sourceTree = "<group>";
		};
		4C630EDB2275F7A6006575B2 = {
			isa = PBXGroup;
			children = (
				4C32860422B11E2F00EB0D9F /* AdGateMedia_UniversalFramework */,
				4C630EE62275F7A6006575B2 /* AdGateMedia Demo */,
				4C630EE52275F7A6006575B2 /* Products */,
				4C98A85A228155E500432696 /* Frameworks */,
			);
			sourceTree = "<group>";
		};
		4C630EE52275F7A6006575B2 /* Products */ = {
			isa = PBXGroup;
			children = (
				4C630EE42275F7A6006575B2 /* AdGateMedia Demo.app */,
			);
			name = Products;
			sourceTree = "<group>";
		};
		4C630EE62275F7A6006575B2 /* AdGateMedia Demo */ = {
			isa = PBXGroup;
			children = (
				4C630EE72275F7A6006575B2 /* AppDelegate.h */,
				4C630EE82275F7A6006575B2 /* AppDelegate.m */,
				4C630EEA2275F7A6006575B2 /* ViewController.h */,
				4C630EEB2275F7A6006575B2 /* ViewController.m */,
				4C630EED2275F7A6006575B2 /* Main.storyboard */,
				4C630EF02275F7B0006575B2 /* Assets.xcassets */,
				4C630EF22275F7B0006575B2 /* LaunchScreen.storyboard */,
				4C630EF52275F7B0006575B2 /* Info.plist */,
				4C630EF62275F7B0006575B2 /* main.m */,
			);
			path = "AdGateMedia Demo";
			sourceTree = "<group>";
		};
		4C98A85A228155E500432696 /* Frameworks */ = {
			isa = PBXGroup;
			children = (
				4C98A867228156D100432696 /* WebKit.framework */,
				4C98A865228156C100432696 /* AdSupport.framework */,
				4C98A8632281563B00432696 /* CoreGraphics.framework */,
				4C98A8612281562900432696 /* CoreMedia.framework */,
				4C98A85F2281560200432696 /* AVFoundation.framework */,
				4C98A85D228155EB00432696 /* UIKit.framework */,
				4C98A85B228155E600432696 /* Foundation.framework */,
			);
			name = Frameworks;
			sourceTree = "<group>";
		};
/* End PBXGroup section */

/* Begin PBXNativeTarget section */
		4C630EE32275F7A6006575B2 /* AdGateMedia Demo */ = {
			isa = PBXNativeTarget;
			buildConfigurationList = 4C630EFA2275F7B1006575B2 /* Build configuration list for PBXNativeTarget "AdGateMedia Demo" */;
			buildPhases = (
				4C630EE02275F7A6006575B2 /* Sources */,
				4C630EE12275F7A6006575B2 /* Frameworks */,
				4C630EE22275F7A6006575B2 /* Resources */,
			);
			buildRules = (
			);
			dependencies = (
			);
			name = "AdGateMedia Demo";
			productName = "AdGateMedia Demo";
			productReference = 4C630EE42275F7A6006575B2 /* AdGateMedia Demo.app */;
			productType = "com.apple.product-type.application";
		};
/* End PBXNativeTarget section */

/* Begin PBXProject section */
		4C630EDC2275F7A6006575B2 /* Project object */ = {
			isa = PBXProject;
			attributes = {
				LastUpgradeCheck = 1020;
				ORGANIZATIONNAME = AdGateMedia;
				TargetAttributes = {
					4C630EE32275F7A6006575B2 = {
						CreatedOnToolsVersion = 10.2;
					};
				};
			};
			buildConfigurationList = 4C630EDF2275F7A6006575B2 /* Build configuration list for PBXProject "AdGateMedia Demo" */;
			compatibilityVersion = "Xcode 9.3";
			developmentRegion = en;
			hasScannedForEncodings = 0;
			knownRegions = (
				en,
				Base,
			);
			mainGroup = 4C630EDB2275F7A6006575B2;
			productRefGroup = 4C630EE52275F7A6006575B2 /* Products */;
			projectDirPath = "";
			projectRoot = "";
			targets = (
				4C630EE32275F7A6006575B2 /* AdGateMedia Demo */,
			);
		};
/* End PBXProject section */

/* Begin PBXResourcesBuildPhase section */
		4C630EE22275F7A6006575B2 /* Resources */ = {
			isa = PBXResourcesBuildPhase;
			buildActionMask = 2147483647;
			files = (
				4C32860722B11E2F00EB0D9F /* AdGateMedia.bundle in Resources */,
				4C630EF42275F7B0006575B2 /* LaunchScreen.storyboard in Resources */,
				4C630EF12275F7B0006575B2 /* Assets.xcassets in Resources */,
				4C630EEF2275F7A6006575B2 /* Main.storyboard in Resources */,
			);
			runOnlyForDeploymentPostprocessing = 0;
		};
/* End PBXResourcesBuildPhase section */

/* Begin PBXSourcesBuildPhase section */
		4C630EE02275F7A6006575B2 /* Sources */ = {
			isa = PBXSourcesBuildPhase;
			buildActionMask = 2147483647;
			files = (
				4C630EEC2275F7A6006575B2 /* ViewController.m in Sources */,
				4C630EF72275F7B0006575B2 /* main.m in Sources */,
				4C630EE92275F7A6006575B2 /* AppDelegate.m in Sources */,
			);
			runOnlyForDeploymentPostprocessing = 0;
		};
/* End PBXSourcesBuildPhase section */

/* Begin PBXVariantGroup section */
		4C630EED2275F7A6006575B2 /* Main.storyboard */ = {
			isa = PBXVariantGroup;
			children = (
				4C630EEE2275F7A6006575B2 /* Base */,
			);
			name = Main.storyboard;
			sourceTree = "<group>";
		};
		4C630EF22275F7B0006575B2 /* LaunchScreen.storyboard */ = {
			isa = PBXVariantGroup;
			children = (
				4C630EF32275F7B0006575B2 /* Base */,
			);
			name = LaunchScreen.storyboard;
			sourceTree = "<group>";
		};
/* End PBXVariantGroup section */

/* Begin XCBuildConfiguration section */
		4C630EF82275F7B1006575B2 /* Debug */ = {
			isa = XCBuildConfiguration;
			buildSettings = {
				ALWAYS_SEARCH_USER_PATHS = NO;
				CLANG_ANALYZER_NONNULL = YES;
				CLANG_ANALYZER_NUMBER_OBJECT_CONVERSION = YES_AGGRESSIVE;
				CLANG_CXX_LANGUAGE_STANDARD = "gnu++14";
				CLANG_CXX_LIBRARY = "libc++";
				CLANG_ENABLE_MODULES = YES;
				CLANG_ENABLE_OBJC_ARC = YES;
				CLANG_ENABLE_OBJC_WEAK = YES;
				CLANG_WARN_BLOCK_CAPTURE_AUTORELEASING = YES;
				CLANG_WARN_BOOL_CONVERSION = YES;
				CLANG_WARN_COMMA = YES;
				CLANG_WARN_CONSTANT_CONVERSION = YES;
				CLANG_WARN_DEPRECATED_OBJC_IMPLEMENTATIONS = YES;
				CLANG_WARN_DIRECT_OBJC_ISA_USAGE = YES_ERROR;
				CLANG_WARN_DOCUMENTATION_COMMENTS = YES;
				CLANG_WARN_EMPTY_BODY = YES;
				CLANG_WARN_ENUM_CONVERSION = YES;
				CLANG_WARN_INFINITE_RECURSION = YES;
				CLANG_WARN_INT_CONVERSION = YES;
				CLANG_WARN_NON_LITERAL_NULL_CONVERSION = YES;
				CLANG_WARN_OBJC_IMPLICIT_RETAIN_SELF = YES;
				CLANG_WARN_OBJC_LITERAL_CONVERSION = YES;
				CLANG_WARN_OBJC_ROOT_CLASS = YES_ERROR;
				CLANG_WARN_RANGE_LOOP_ANALYSIS = YES;
				CLANG_WARN_STRICT_PROTOTYPES = YES;
				CLANG_WARN_SUSPICIOUS_MOVE = YES;
				CLANG_WARN_UNGUARDED_AVAILABILITY = YES_AGGRESSIVE;
				CLANG_WARN_UNREACHABLE_CODE = YES;
				CLANG_WARN__DUPLICATE_METHOD_MATCH = YES;
				CODE_SIGN_IDENTITY = "iPhone Developer";
				COPY_PHASE_STRIP = NO;
				DEBUG_INFORMATION_FORMAT = dwarf;
				ENABLE_STRICT_OBJC_MSGSEND = YES;
				ENABLE_TESTABILITY = YES;
				GCC_C_LANGUAGE_STANDARD = gnu11;
				GCC_DYNAMIC_NO_PIC = NO;
				GCC_NO_COMMON_BLOCKS = YES;
				GCC_OPTIMIZATION_LEVEL = 0;
				GCC_PREPROCESSOR_DEFINITIONS = (
					"DEBUG=1",
					"$(inherited)",
				);
				GCC_WARN_64_TO_32_BIT_CONVERSION = YES;
				GCC_WARN_ABOUT_RETURN_TYPE = YES_ERROR;
				GCC_WARN_UNDECLARED_SELECTOR = YES;
				GCC_WARN_UNINITIALIZED_AUTOS = YES_AGGRESSIVE;
				GCC_WARN_UNUSED_FUNCTION = YES;
				GCC_WARN_UNUSED_VARIABLE = YES;
				IPHONEOS_DEPLOYMENT_TARGET = 13.4;
				MTL_ENABLE_DEBUG_INFO = INCLUDE_SOURCE;
				MTL_FAST_MATH = YES;
				ONLY_ACTIVE_ARCH = YES;
				SDKROOT = iphoneos;
			};
			name = Debug;
		};
		4C630EF92275F7B1006575B2 /* Release */ = {
			isa = XCBuildConfiguration;
			buildSettings = {
				ALWAYS_SEARCH_USER_PATHS = NO;
				CLANG_ANALYZER_NONNULL = YES;
				CLANG_ANALYZER_NUMBER_OBJECT_CONVERSION = YES_AGGRESSIVE;
				CLANG_CXX_LANGUAGE_STANDARD = "gnu++14";
				CLANG_CXX_LIBRARY = "libc++";
				CLANG_ENABLE_MODULES = YES;
				CLANG_ENABLE_OBJC_ARC = YES;
				CLANG_ENABLE_OBJC_WEAK = YES;
				CLANG_WARN_BLOCK_CAPTURE_AUTORELEASING = YES;
				CLANG_WARN_BOOL_CONVERSION = YES;
				CLANG_WARN_COMMA = YES;
				CLANG_WARN_CONSTANT_CONVERSION = YES;
				CLANG_WARN_DEPRECATED_OBJC_IMPLEMENTATIONS = YES;
				CLANG_WARN_DIRECT_OBJC_ISA_USAGE = YES_ERROR;
				CLANG_WARN_DOCUMENTATION_COMMENTS = YES;
				CLANG_WARN_EMPTY_BODY = YES;
				CLANG_WARN_ENUM_CONVERSION = YES;
				CLANG_WARN_INFINITE_RECURSION = YES;
				CLANG_WARN_INT_CONVERSION = YES;
				CLANG_WARN_NON_LITERAL_NULL_CONVERSION = YES;
				CLANG_WARN_OBJC_IMPLICIT_RETAIN_SELF = YES;
				CLANG_WARN_OBJC_LITERAL_CONVERSION = YES;
				CLANG_WARN_OBJC_ROOT_CLASS = YES_ERROR;
				CLANG_WARN_RANGE_LOOP_ANALYSIS = YES;
				CLANG_WARN_STRICT_PROTOTYPES = YES;
				CLANG_WARN_SUSPICIOUS_MOVE = YES;
				CLANG_WARN_UNGUARDED_AVAILABILITY = YES_AGGRESSIVE;
				CLANG_WARN_UNREACHABLE_CODE = YES;
				CLANG_WARN__DUPLICATE_METHOD_MATCH = YES;
				CODE_SIGN_IDENTITY = "iPhone Developer";
				COPY_PHASE_STRIP = NO;
				DEBUG_INFORMATION_FORMAT = "dwarf-with-dsym";
				ENABLE_NS_ASSERTIONS = NO;
				ENABLE_STRICT_OBJC_MSGSEND = YES;
				GCC_C_LANGUAGE_STANDARD = gnu11;
				GCC_NO_COMMON_BLOCKS = YES;
				GCC_WARN_64_TO_32_BIT_CONVERSION = YES;
				GCC_WARN_ABOUT_RETURN_TYPE = YES_ERROR;
				GCC_WARN_UNDECLARED_SELECTOR = YES;
				GCC_WARN_UNINITIALIZED_AUTOS = YES_AGGRESSIVE;
				GCC_WARN_UNUSED_FUNCTION = YES;
				GCC_WARN_UNUSED_VARIABLE = YES;
				IPHONEOS_DEPLOYMENT_TARGET = 13.4;
				MTL_ENABLE_DEBUG_INFO = NO;
				MTL_FAST_MATH = YES;
				SDKROOT = iphoneos;
				VALIDATE_PRODUCT = YES;
			};
			name = Release;
		};
		4C630EFB2275F7B1006575B2 /* Debug */ = {
			isa = XCBuildConfiguration;
			buildSettings = {
				ASSETCATALOG_COMPILER_APPICON_NAME = AppIcon;
				CODE_SIGN_STYLE = Manual;
				DEVELOPMENT_TEAM = "";
				FRAMEWORK_SEARCH_PATHS = (
					"$(inherited)",
					"$(PROJECT_DIR)/../AdGateMedia_UniversalFramework",
				);
				INFOPLIST_FILE = "AdGateMedia Demo/Info.plist";
				IPHONEOS_DEPLOYMENT_TARGET = 8.0;
				LD_RUNPATH_SEARCH_PATHS = (
					"$(inherited)",
					"@executable_path/Frameworks",
				);
				OTHER_LDFLAGS = "-ObjC";
				PRODUCT_BUNDLE_IDENTIFIER = com.adgatemedia.sdk;
				PRODUCT_NAME = "$(TARGET_NAME)";
				PROVISIONING_PROFILE_SPECIFIER = "";
				TARGETED_DEVICE_FAMILY = "1,2";
			};
			name = Debug;
		};
		4C630EFC2275F7B1006575B2 /* Release */ = {
			isa = XCBuildConfiguration;
			buildSettings = {
				ASSETCATALOG_COMPILER_APPICON_NAME = AppIcon;
				CODE_SIGN_STYLE = Manual;
				DEVELOPMENT_TEAM = "";
				FRAMEWORK_SEARCH_PATHS = (
					"$(inherited)",
					"$(PROJECT_DIR)/../AdGateMedia_UniversalFramework",
				);
				INFOPLIST_FILE = "AdGateMedia Demo/Info.plist";
				IPHONEOS_DEPLOYMENT_TARGET = 8.0;
				LD_RUNPATH_SEARCH_PATHS = (
					"$(inherited)",
					"@executable_path/Frameworks",
				);
				OTHER_LDFLAGS = "-ObjC";
				PRODUCT_BUNDLE_IDENTIFIER = com.adgatemedia.sdk;
				PRODUCT_NAME = "$(TARGET_NAME)";
				PROVISIONING_PROFILE_SPECIFIER = "";
				TARGETED_DEVICE_FAMILY = "1,2";
			};
			name = Release;
		};
/* End XCBuildConfiguration section */

/* Begin XCConfigurationList section */
		4C630EDF2275F7A6006575B2 /* Build configuration list for PBXProject "AdGateMedia Demo" */ = {
			isa = XCConfigurationList;
			buildConfigurations = (
				4C630EF82275F7B1006575B2 /* Debug */,
				4C630EF92275F7B1006575B2 /* Release */,
			);
			defaultConfigurationIsVisible = 0;
			defaultConfigurationName = Release;
		};
		4C630EFA2275F7B1006575B2 /* Build configuration list for PBXNativeTarget "AdGateMedia Demo" */ = {
			isa = XCConfigurationList;
			buildConfigurations = (
				4C630EFB2275F7B1006575B2 /* Debug */,
				4C630EFC2275F7B1006575B2 /* Release */,
			);
			defaultConfigurationIsVisible = 0;
			defaultConfigurationName = Release;
		};
/* End XCConfigurationList section */
	};
	rootObject = 4C630EDC2275F7A6006575B2 /* Project object */;
}
