// !$*UTF8*$!
{
	archiveVersion = 1;
	classes = {
	};
	objectVersion = 46;
	objects = {

/* Begin PBXBuildFile section */
		006B899E1B493E24004890E2 /* main.m in Sources */ = {isa = PBXBuildFile; fileRef = 006B899D1B493E24004890E2 /* main.m */; };
		006B89A11B493E24004890E2 /* AppDelegate.m in Sources */ = {isa = PBXBuildFile; fileRef = 006B89A01B493E24004890E2 /* AppDelegate.m */; };
		006B89A41B493E24004890E2 /* ViewController.m in Sources */ = {isa = PBXBuildFile; fileRef = 006B89A31B493E24004890E2 /* ViewController.m */; };
		006B89A71B493E24004890E2 /* Main.storyboard in Resources */ = {isa = PBXBuildFile; fileRef = 006B89A51B493E24004890E2 /* Main.storyboard */; };
		006B89A91B493E24004890E2 /* Images.xcassets in Resources */ = {isa = PBXBuildFile; fileRef = 006B89A81B493E24004890E2 /* Images.xcassets */; };
		006B89B81B493E24004890E2 /* SDkTestIos1Tests.m in Sources */ = {isa = PBXBuildFile; fileRef = 006B89B71B493E24004890E2 /* SDkTestIos1Tests.m */; };
		32B1E2651F84B635003B70DF /* LaunchScreen.xib in Resources */ = {isa = PBXBuildFile; fileRef = 32B1E2631F84B635003B70DF /* LaunchScreen.xib */; };
		32FB23691FBF964600AD6565 /* NSData+NSHash.m in Sources */ = {isa = PBXBuildFile; fileRef = 32FB235E1FBF964600AD6565 /* NSData+NSHash.m */; };
		32FB236A1FBF964600AD6565 /* NSString+NSHash.m in Sources */ = {isa = PBXBuildFile; fileRef = 32FB23601FBF964600AD6565 /* NSString+NSHash.m */; };
		32FB236D1FBF964600AD6565 /* NSBundle+mybundle.m in Sources */ = {isa = PBXBuildFile; fileRef = 32FB23681FBF964600AD6565 /* NSBundle+mybundle.m */; };
		FD522427223046470074CC08 /* AdGateMediaiOSSDK.bundle in Resources */ = {isa = PBXBuildFile; fileRef = FD522426223046460074CC08 /* AdGateMediaiOSSDK.bundle */; };
		FDFDBE9C2230697D00C24EB6 /* libAdGateMedia.a in Frameworks */ = {isa = PBXBuildFile; fileRef = FD522424223046110074CC08 /* libAdGateMedia.a */; };
/* End PBXBuildFile section */

/* Begin PBXContainerItemProxy section */
		006B89B21B493E24004890E2 /* PBXContainerItemProxy */ = {
			isa = PBXContainerItemProxy;
			containerPortal = 006B89901B493E24004890E2 /* Project object */;
			proxyType = 1;
			remoteGlobalIDString = 006B89971B493E24004890E2;
			remoteInfo = SDkTestIos1;
		};
/* End PBXContainerItemProxy section */

/* Begin PBXCopyFilesBuildPhase section */
		78C391941CC7A4D20059B668 /* Embed Frameworks */ = {
			isa = PBXCopyFilesBuildPhase;
			buildActionMask = 2147483647;
			dstPath = "";
			dstSubfolderSpec = 10;
			files = (
			);
			name = "Embed Frameworks";
			runOnlyForDeploymentPostprocessing = 0;
		};
/* End PBXCopyFilesBuildPhase section */

/* Begin PBXFileReference section */
		006B89981B493E24004890E2 /* SDkTestIos1.app */ = {isa = PBXFileReference; explicitFileType = wrapper.application; includeInIndex = 0; path = SDkTestIos1.app; sourceTree = BUILT_PRODUCTS_DIR; };
		006B899C1B493E24004890E2 /* Info.plist */ = {isa = PBXFileReference; lastKnownFileType = text.plist.xml; path = Info.plist; sourceTree = "<group>"; };
		006B899D1B493E24004890E2 /* main.m */ = {isa = PBXFileReference; lastKnownFileType = sourcecode.c.objc; path = main.m; sourceTree = "<group>"; };
		006B899F1B493E24004890E2 /* AppDelegate.h */ = {isa = PBXFileReference; lastKnownFileType = sourcecode.c.h; path = AppDelegate.h; sourceTree = "<group>"; };
		006B89A01B493E24004890E2 /* AppDelegate.m */ = {isa = PBXFileReference; lastKnownFileType = sourcecode.c.objc; path = AppDelegate.m; sourceTree = "<group>"; };
		006B89A21B493E24004890E2 /* ViewController.h */ = {isa = PBXFileReference; lastKnownFileType = sourcecode.c.h; path = ViewController.h; sourceTree = "<group>"; };
		006B89A31B493E24004890E2 /* ViewController.m */ = {isa = PBXFileReference; lastKnownFileType = sourcecode.c.objc; path = ViewController.m; sourceTree = "<group>"; };
		006B89A61B493E24004890E2 /* Base */ = {isa = PBXFileReference; lastKnownFileType = file.storyboard; name = Base; path = Base.lproj/Main.storyboard; sourceTree = "<group>"; };
		006B89A81B493E24004890E2 /* Images.xcassets */ = {isa = PBXFileReference; lastKnownFileType = folder.assetcatalog; path = Images.xcassets; sourceTree = "<group>"; };
		006B89B11B493E24004890E2 /* SDkTestIos1Tests.xctest */ = {isa = PBXFileReference; explicitFileType = wrapper.cfbundle; includeInIndex = 0; path = SDkTestIos1Tests.xctest; sourceTree = BUILT_PRODUCTS_DIR; };
		006B89B61B493E24004890E2 /* Info.plist */ = {isa = PBXFileReference; lastKnownFileType = text.plist.xml; path = Info.plist; sourceTree = "<group>"; };
		006B89B71B493E24004890E2 /* SDkTestIos1Tests.m */ = {isa = PBXFileReference; lastKnownFileType = sourcecode.c.objc; path = SDkTestIos1Tests.m; sourceTree = "<group>"; };
		32B1E2641F84B635003B70DF /* Base */ = {isa = PBXFileReference; lastKnownFileType = file.xib; name = Base; path = Base.lproj/LaunchScreen.xib; sourceTree = "<group>"; };
		32BC95211F84A72D0095F741 /* JavaScriptCore.framework */ = {isa = PBXFileReference; lastKnownFileType = wrapper.framework; name = JavaScriptCore.framework; path = System/Library/Frameworks/JavaScriptCore.framework; sourceTree = SDKROOT; };
		32FB235D1FBF964600AD6565 /* NSData+NSHash.h */ = {isa = PBXFileReference; fileEncoding = 4; lastKnownFileType = sourcecode.c.h; path = "NSData+NSHash.h"; sourceTree = "<group>"; };
		32FB235E1FBF964600AD6565 /* NSData+NSHash.m */ = {isa = PBXFileReference; fileEncoding = 4; lastKnownFileType = sourcecode.c.objc; path = "NSData+NSHash.m"; sourceTree = "<group>"; };
		32FB235F1FBF964600AD6565 /* NSString+NSHash.h */ = {isa = PBXFileReference; fileEncoding = 4; lastKnownFileType = sourcecode.c.h; path = "NSString+NSHash.h"; sourceTree = "<group>"; };
		32FB23601FBF964600AD6565 /* NSString+NSHash.m */ = {isa = PBXFileReference; fileEncoding = 4; lastKnownFileType = sourcecode.c.objc; path = "NSString+NSHash.m"; sourceTree = "<group>"; };
		32FB23671FBF964600AD6565 /* NSBundle+mybundle.h */ = {isa = PBXFileReference; fileEncoding = 4; lastKnownFileType = sourcecode.c.h; path = "NSBundle+mybundle.h"; sourceTree = "<group>"; };
		32FB23681FBF964600AD6565 /* NSBundle+mybundle.m */ = {isa = PBXFileReference; fileEncoding = 4; lastKnownFileType = sourcecode.c.objc; path = "NSBundle+mybundle.m"; sourceTree = "<group>"; };
		B617D0F11FD009650045DBDB /* AdGateMedia.h */ = {isa = PBXFileReference; fileEncoding = 4; lastKnownFileType = sourcecode.c.h; path = AdGateMedia.h; sourceTree = "<group>"; };
		B617D0F21FD009650045DBDB /* AdGateMediaiOSSDK.bundle */ = {isa = PBXFileReference; lastKnownFileType = "wrapper.plug-in"; path = AdGateMediaiOSSDK.bundle; sourceTree = "<group>"; };
		B617D0F31FD009650045DBDB /* AdGateMediaiOSSDK.h */ = {isa = PBXFileReference; fileEncoding = 4; lastKnownFileType = sourcecode.c.h; path = AdGateMediaiOSSDK.h; sourceTree = "<group>"; };
		B617D0F41FD009650045DBDB /* ADMAdGateVideo.h */ = {isa = PBXFileReference; fileEncoding = 4; lastKnownFileType = sourcecode.c.h; path = ADMAdGateVideo.h; sourceTree = "<group>"; };
		B617D0F51FD009650045DBDB /* libAdGateMedia.a */ = {isa = PBXFileReference; lastKnownFileType = archive.ar; path = libAdGateMedia.a; sourceTree = "<group>"; };
		FD522424223046110074CC08 /* libAdGateMedia.a */ = {isa = PBXFileReference; lastKnownFileType = archive.ar; name = libAdGateMedia.a; path = SDkTestIos1/include/libAdGateMedia.a; sourceTree = "<group>"; };
		FD522426223046460074CC08 /* AdGateMediaiOSSDK.bundle */ = {isa = PBXFileReference; lastKnownFileType = "wrapper.plug-in"; name = AdGateMediaiOSSDK.bundle; path = SDkTestIos1/include/AdGateMediaiOSSDK.bundle; sourceTree = "<group>"; };
		FD892063216F9B8C00557368 /* circle-close.png */ = {isa = PBXFileReference; lastKnownFileType = image.png; name = "circle-close.png"; path = "SDkTestIos1/include/AdGateMedia/circle-close.png"; sourceTree = "<group>"; };
		FD892064216F9B8C00557368 /* circle-close@2x.png */ = {isa = PBXFileReference; lastKnownFileType = image.png; name = "circle-close@2x.png"; path = "SDkTestIos1/include/AdGateMedia/circle-close@2x.png"; sourceTree = "<group>"; };
		FD892065216F9B8D00557368 /* ADMVideoViewController~iphone.nib */ = {isa = PBXFileReference; lastKnownFileType = wrapper.nib; name = "ADMVideoViewController~iphone.nib"; path = "SDkTestIos1/include/AdGateMedia/ADMVideoViewController~iphone.nib"; sourceTree = "<group>"; };
		FD892066216F9B8D00557368 /* circle-close@3x.png */ = {isa = PBXFileReference; lastKnownFileType = image.png; name = "circle-close@3x.png"; path = "SDkTestIos1/include/AdGateMedia/circle-close@3x.png"; sourceTree = "<group>"; };
		FD892067216F9B8D00557368 /* OfferViewController~iphone.nib */ = {isa = PBXFileReference; lastKnownFileType = wrapper.nib; name = "OfferViewController~iphone.nib"; path = "SDkTestIos1/include/AdGateMedia/OfferViewController~iphone.nib"; sourceTree = "<group>"; };
		FD89206D216F9CAD00557368 /* adgate_logo.png */ = {isa = PBXFileReference; lastKnownFileType = image.png; name = adgate_logo.png; path = SDkTestIos1/include/AdGateMedia/adgate_logo.png; sourceTree = "<group>"; };
		FD89206E216F9CAD00557368 /* Info.plist */ = {isa = PBXFileReference; lastKnownFileType = file.bplist; name = Info.plist; path = SDkTestIos1/include/AdGateMedia/Info.plist; sourceTree = "<group>"; };
		FDC1124B213888CD00F3BB02 /* SDkTestIos1 */ = {isa = PBXFileReference; lastKnownFileType = folder; path = SDkTestIos1; sourceTree = "<group>"; };
/* End PBXFileReference section */

/* Begin PBXFrameworksBuildPhase section */
		006B89951B493E24004890E2 /* Frameworks */ = {
			isa = PBXFrameworksBuildPhase;
			buildActionMask = 2147483647;
			files = (
				FDFDBE9C2230697D00C24EB6 /* libAdGateMedia.a in Frameworks */,
			);
			runOnlyForDeploymentPostprocessing = 0;
		};
		006B89AE1B493E24004890E2 /* Frameworks */ = {
			isa = PBXFrameworksBuildPhase;
			buildActionMask = 2147483647;
			files = (
			);
			runOnlyForDeploymentPostprocessing = 0;
		};
/* End PBXFrameworksBuildPhase section */

/* Begin PBXGroup section */
		006B898F1B493E24004890E2 = {
			isa = PBXGroup;
			children = (
				FD522426223046460074CC08 /* AdGateMediaiOSSDK.bundle */,
				FD89206D216F9CAD00557368 /* adgate_logo.png */,
				FD89206E216F9CAD00557368 /* Info.plist */,
				FD892065216F9B8D00557368 /* ADMVideoViewController~iphone.nib */,
				FD892063216F9B8C00557368 /* circle-close.png */,
				FD892064216F9B8C00557368 /* circle-close@2x.png */,
				FD892066216F9B8D00557368 /* circle-close@3x.png */,
				FD892067216F9B8D00557368 /* OfferViewController~iphone.nib */,
				006B899A1B493E24004890E2 /* SDkTestIos1 */,
				006B89B41B493E24004890E2 /* SDkTestIos1Tests */,
				006B89991B493E24004890E2 /* Products */,
				32BC95201F84A72D0095F741 /* Frameworks */,
			);
			sourceTree = "<group>";
		};
		006B89991B493E24004890E2 /* Products */ = {
			isa = PBXGroup;
			children = (
				006B89981B493E24004890E2 /* SDkTestIos1.app */,
				006B89B11B493E24004890E2 /* SDkTestIos1Tests.xctest */,
			);
			name = Products;
			sourceTree = "<group>";
		};
		006B899A1B493E24004890E2 /* SDkTestIos1 */ = {
			isa = PBXGroup;
			children = (
				32FB235A1FBF964600AD6565 /* include */,
				006B899F1B493E24004890E2 /* AppDelegate.h */,
				006B89A01B493E24004890E2 /* AppDelegate.m */,
				006B89A21B493E24004890E2 /* ViewController.h */,
				006B89A31B493E24004890E2 /* ViewController.m */,
				006B89A51B493E24004890E2 /* Main.storyboard */,
				32B1E2631F84B635003B70DF /* LaunchScreen.xib */,
				006B89A81B493E24004890E2 /* Images.xcassets */,
				006B899B1B493E24004890E2 /* Supporting Files */,
			);
			path = SDkTestIos1;
			sourceTree = "<group>";
		};
		006B899B1B493E24004890E2 /* Supporting Files */ = {
			isa = PBXGroup;
			children = (
				006B899C1B493E24004890E2 /* Info.plist */,
				006B899D1B493E24004890E2 /* main.m */,
			);
			name = "Supporting Files";
			sourceTree = "<group>";
		};
		006B89B41B493E24004890E2 /* SDkTestIos1Tests */ = {
			isa = PBXGroup;
			children = (
				006B89B71B493E24004890E2 /* SDkTestIos1Tests.m */,
				006B89B51B493E24004890E2 /* Supporting Files */,
			);
			path = SDkTestIos1Tests;
			sourceTree = "<group>";
		};
		006B89B51B493E24004890E2 /* Supporting Files */ = {
			isa = PBXGroup;
			children = (
				006B89B61B493E24004890E2 /* Info.plist */,
			);
			name = "Supporting Files";
			sourceTree = "<group>";
		};
		32BC95201F84A72D0095F741 /* Frameworks */ = {
			isa = PBXGroup;
			children = (
				FD522424223046110074CC08 /* libAdGateMedia.a */,
				FDC1124B213888CD00F3BB02 /* SDkTestIos1 */,
				32BC95211F84A72D0095F741 /* JavaScriptCore.framework */,
			);
			name = Frameworks;
			sourceTree = "<group>";
		};
		32FB235A1FBF964600AD6565 /* include */ = {
			isa = PBXGroup;
			children = (
				32FB235B1FBF964600AD6565 /* 3rdParty */,
				32FB23611FBF964600AD6565 /* AdGateMedia */,
				32FB23671FBF964600AD6565 /* NSBundle+mybundle.h */,
				32FB23681FBF964600AD6565 /* NSBundle+mybundle.m */,
			);
			path = include;
			sourceTree = "<group>";
		};
		32FB235B1FBF964600AD6565 /* 3rdParty */ = {
			isa = PBXGroup;
			children = (
				32FB235C1FBF964600AD6565 /* NSHash */,
			);
			path = 3rdParty;
			sourceTree = "<group>";
		};
		32FB235C1FBF964600AD6565 /* NSHash */ = {
			isa = PBXGroup;
			children = (
				32FB235D1FBF964600AD6565 /* NSData+NSHash.h */,
				32FB235E1FBF964600AD6565 /* NSData+NSHash.m */,
				32FB235F1FBF964600AD6565 /* NSString+NSHash.h */,
				32FB23601FBF964600AD6565 /* NSString+NSHash.m */,
			);
			path = NSHash;
			sourceTree = "<group>";
		};
		32FB23611FBF964600AD6565 /* AdGateMedia */ = {
			isa = PBXGroup;
			children = (
				B617D0F11FD009650045DBDB /* AdGateMedia.h */,
				B617D0F21FD009650045DBDB /* AdGateMediaiOSSDK.bundle */,
				B617D0F31FD009650045DBDB /* AdGateMediaiOSSDK.h */,
				B617D0F41FD009650045DBDB /* ADMAdGateVideo.h */,
				B617D0F51FD009650045DBDB /* libAdGateMedia.a */,
			);
			path = AdGateMedia;
			sourceTree = "<group>";
		};
/* End PBXGroup section */

/* Begin PBXNativeTarget section */
		006B89971B493E24004890E2 /* SDkTestIos1 */ = {
			isa = PBXNativeTarget;
			buildConfigurationList = 006B89BB1B493E24004890E2 /* Build configuration list for PBXNativeTarget "SDkTestIos1" */;
			buildPhases = (
				006B89941B493E24004890E2 /* Sources */,
				006B89951B493E24004890E2 /* Frameworks */,
				006B89961B493E24004890E2 /* Resources */,
				78C391941CC7A4D20059B668 /* Embed Frameworks */,
			);
			buildRules = (
			);
			dependencies = (
			);
			name = SDkTestIos1;
			productName = SDkTestIos1;
			productReference = 006B89981B493E24004890E2 /* SDkTestIos1.app */;
			productType = "com.apple.product-type.application";
		};
		006B89B01B493E24004890E2 /* SDkTestIos1Tests */ = {
			isa = PBXNativeTarget;
			buildConfigurationList = 006B89BE1B493E24004890E2 /* Build configuration list for PBXNativeTarget "SDkTestIos1Tests" */;
			buildPhases = (
				006B89AD1B493E24004890E2 /* Sources */,
				006B89AE1B493E24004890E2 /* Frameworks */,
				006B89AF1B493E24004890E2 /* Resources */,
			);
			buildRules = (
			);
			dependencies = (
				006B89B31B493E24004890E2 /* PBXTargetDependency */,
			);
			name = SDkTestIos1Tests;
			productName = SDkTestIos1Tests;
			productReference = 006B89B11B493E24004890E2 /* SDkTestIos1Tests.xctest */;
			productType = "com.apple.product-type.bundle.unit-test";
		};
/* End PBXNativeTarget section */

/* Begin PBXProject section */
		006B89901B493E24004890E2 /* Project object */ = {
			isa = PBXProject;
			attributes = {
				LastUpgradeCheck = 0630;
				ORGANIZATIONNAME = "vishal dharnkar";
				TargetAttributes = {
					006B89971B493E24004890E2 = {
						CreatedOnToolsVersion = 6.3.1;
						DevelopmentTeam = 827X265F96;
						ProvisioningStyle = Automatic;
					};
					006B89B01B493E24004890E2 = {
						CreatedOnToolsVersion = 6.3.1;
						TestTargetID = 006B89971B493E24004890E2;
					};
				};
			};
			buildConfigurationList = 006B89931B493E24004890E2 /* Build configuration list for PBXProject "SDkTestIos1" */;
			compatibilityVersion = "Xcode 3.2";
			developmentRegion = English;
			hasScannedForEncodings = 0;
			knownRegions = (
				en,
				Base,
			);
			mainGroup = 006B898F1B493E24004890E2;
			productRefGroup = 006B89991B493E24004890E2 /* Products */;
			projectDirPath = "";
			projectRoot = "";
			targets = (
				006B89971B493E24004890E2 /* SDkTestIos1 */,
				006B89B01B493E24004890E2 /* SDkTestIos1Tests */,
			);
		};
/* End PBXProject section */

/* Begin PBXResourcesBuildPhase section */
		006B89961B493E24004890E2 /* Resources */ = {
			isa = PBXResourcesBuildPhase;
			buildActionMask = 2147483647;
			files = (
				FD522427223046470074CC08 /* AdGateMediaiOSSDK.bundle in Resources */,
				32B1E2651F84B635003B70DF /* LaunchScreen.xib in Resources */,
				006B89A71B493E24004890E2 /* Main.storyboard in Resources */,
				006B89A91B493E24004890E2 /* Images.xcassets in Resources */,
			);
			runOnlyForDeploymentPostprocessing = 0;
		};
		006B89AF1B493E24004890E2 /* Resources */ = {
			isa = PBXResourcesBuildPhase;
			buildActionMask = 2147483647;
			files = (
			);
			runOnlyForDeploymentPostprocessing = 0;
		};
/* End PBXResourcesBuildPhase section */

/* Begin PBXSourcesBuildPhase section */
		006B89941B493E24004890E2 /* Sources */ = {
			isa = PBXSourcesBuildPhase;
			buildActionMask = 2147483647;
			files = (
				006B89A41B493E24004890E2 /* ViewController.m in Sources */,
				32FB23691FBF964600AD6565 /* NSData+NSHash.m in Sources */,
				32FB236D1FBF964600AD6565 /* NSBundle+mybundle.m in Sources */,
				006B89A11B493E24004890E2 /* AppDelegate.m in Sources */,
				32FB236A1FBF964600AD6565 /* NSString+NSHash.m in Sources */,
				006B899E1B493E24004890E2 /* main.m in Sources */,
			);
			runOnlyForDeploymentPostprocessing = 0;
		};
		006B89AD1B493E24004890E2 /* Sources */ = {
			isa = PBXSourcesBuildPhase;
			buildActionMask = 2147483647;
			files = (
				006B89B81B493E24004890E2 /* SDkTestIos1Tests.m in Sources */,
			);
			runOnlyForDeploymentPostprocessing = 0;
		};
/* End PBXSourcesBuildPhase section */

/* Begin PBXTargetDependency section */
		006B89B31B493E24004890E2 /* PBXTargetDependency */ = {
			isa = PBXTargetDependency;
			target = 006B89971B493E24004890E2 /* SDkTestIos1 */;
			targetProxy = 006B89B21B493E24004890E2 /* PBXContainerItemProxy */;
		};
/* End PBXTargetDependency section */

/* Begin PBXVariantGroup section */
		006B89A51B493E24004890E2 /* Main.storyboard */ = {
			isa = PBXVariantGroup;
			children = (
				006B89A61B493E24004890E2 /* Base */,
			);
			name = Main.storyboard;
			sourceTree = "<group>";
		};
		32B1E2631F84B635003B70DF /* LaunchScreen.xib */ = {
			isa = PBXVariantGroup;
			children = (
				32B1E2641F84B635003B70DF /* Base */,
			);
			name = LaunchScreen.xib;
			sourceTree = "<group>";
		};
/* End PBXVariantGroup section */

/* Begin XCBuildConfiguration section */
		006B89B91B493E24004890E2 /* Debug */ = {
			isa = XCBuildConfiguration;
			buildSettings = {
				ALWAYS_SEARCH_USER_PATHS = NO;
				CLANG_CXX_LANGUAGE_STANDARD = "gnu++0x";
				CLANG_CXX_LIBRARY = "libc++";
				CLANG_ENABLE_MODULES = YES;
				CLANG_ENABLE_OBJC_ARC = YES;
				CLANG_WARN_BOOL_CONVERSION = YES;
				CLANG_WARN_CONSTANT_CONVERSION = YES;
				CLANG_WARN_DIRECT_OBJC_ISA_USAGE = YES_ERROR;
				CLANG_WARN_EMPTY_BODY = YES;
				CLANG_WARN_ENUM_CONVERSION = YES;
				CLANG_WARN_INT_CONVERSION = YES;
				CLANG_WARN_OBJC_ROOT_CLASS = YES_ERROR;
				CLANG_WARN_UNREACHABLE_CODE = YES;
				CLANG_WARN__DUPLICATE_METHOD_MATCH = YES;
				CODE_SIGN_IDENTITY = "iPhone Developer: Sumit Oberoi (KHX4P76LKY)";
				"CODE_SIGN_IDENTITY[sdk=iphoneos*]" = "iPhone Developer: Sumit Oberoi (KHX4P76LKY)";
				COPY_PHASE_STRIP = NO;
				DEBUG_INFORMATION_FORMAT = "dwarf-with-dsym";
				ENABLE_STRICT_OBJC_MSGSEND = YES;
				GCC_C_LANGUAGE_STANDARD = gnu99;
				GCC_DYNAMIC_NO_PIC = NO;
				GCC_NO_COMMON_BLOCKS = YES;
				GCC_OPTIMIZATION_LEVEL = 0;
				GCC_PREPROCESSOR_DEFINITIONS = (
					"DEBUG=1",
					"$(inherited)",
				);
				GCC_SYMBOLS_PRIVATE_EXTERN = NO;
				GCC_WARN_64_TO_32_BIT_CONVERSION = YES;
				GCC_WARN_ABOUT_RETURN_TYPE = YES_ERROR;
				GCC_WARN_UNDECLARED_SELECTOR = YES;
				GCC_WARN_UNINITIALIZED_AUTOS = YES_AGGRESSIVE;
				GCC_WARN_UNUSED_FUNCTION = YES;
				GCC_WARN_UNUSED_VARIABLE = YES;
				IPHONEOS_DEPLOYMENT_TARGET = 6.0;
				MTL_ENABLE_DEBUG_INFO = YES;
				ONLY_ACTIVE_ARCH = YES;
				PROVISIONING_PROFILE = "4057985b-d033-4d7e-826b-cea455ee1cdf";
				SDKROOT = iphoneos;
			};
			name = Debug;
		};
		006B89BA1B493E24004890E2 /* Release */ = {
			isa = XCBuildConfiguration;
			buildSettings = {
				ALWAYS_SEARCH_USER_PATHS = NO;
				CLANG_CXX_LANGUAGE_STANDARD = "gnu++0x";
				CLANG_CXX_LIBRARY = "libc++";
				CLANG_ENABLE_MODULES = YES;
				CLANG_ENABLE_OBJC_ARC = YES;
				CLANG_WARN_BOOL_CONVERSION = YES;
				CLANG_WARN_CONSTANT_CONVERSION = YES;
				CLANG_WARN_DIRECT_OBJC_ISA_USAGE = YES_ERROR;
				CLANG_WARN_EMPTY_BODY = YES;
				CLANG_WARN_ENUM_CONVERSION = YES;
				CLANG_WARN_INT_CONVERSION = YES;
				CLANG_WARN_OBJC_ROOT_CLASS = YES_ERROR;
				CLANG_WARN_UNREACHABLE_CODE = YES;
				CLANG_WARN__DUPLICATE_METHOD_MATCH = YES;
				CODE_SIGN_IDENTITY = "iPhone Developer: Sumit Oberoi (KHX4P76LKY)";
				"CODE_SIGN_IDENTITY[sdk=iphoneos*]" = "iPhone Developer: Sumit Oberoi (KHX4P76LKY)";
				COPY_PHASE_STRIP = NO;
				DEBUG_INFORMATION_FORMAT = "dwarf-with-dsym";
				ENABLE_NS_ASSERTIONS = NO;
				ENABLE_STRICT_OBJC_MSGSEND = YES;
				GCC_C_LANGUAGE_STANDARD = gnu99;
				GCC_NO_COMMON_BLOCKS = YES;
				GCC_WARN_64_TO_32_BIT_CONVERSION = YES;
				GCC_WARN_ABOUT_RETURN_TYPE = YES_ERROR;
				GCC_WARN_UNDECLARED_SELECTOR = YES;
				GCC_WARN_UNINITIALIZED_AUTOS = YES_AGGRESSIVE;
				GCC_WARN_UNUSED_FUNCTION = YES;
				GCC_WARN_UNUSED_VARIABLE = YES;
				IPHONEOS_DEPLOYMENT_TARGET = 6.0;
				MTL_ENABLE_DEBUG_INFO = NO;
				PROVISIONING_PROFILE = "4057985b-d033-4d7e-826b-cea455ee1cdf";
				SDKROOT = iphoneos;
				VALIDATE_PRODUCT = YES;
			};
			name = Release;
		};
		006B89BC1B493E24004890E2 /* Debug */ = {
			isa = XCBuildConfiguration;
			buildSettings = {
				ASSETCATALOG_COMPILER_APPICON_NAME = AppIcon;
				CLANG_ALLOW_NON_MODULAR_INCLUDES_IN_FRAMEWORK_MODULES = YES;
				CODE_SIGN_IDENTITY = "iPhone Developer";
				"CODE_SIGN_IDENTITY[sdk=iphoneos*]" = "iPhone Developer";
				CODE_SIGN_STYLE = Automatic;
				DEVELOPMENT_TEAM = 827X265F96;
				FRAMEWORK_SEARCH_PATHS = (
					"$(inherited)",
					"$(PROJECT_DIR)/SDkTestIos1",
					"$(PROJECT_DIR)",
				);
				HEADER_SEARCH_PATHS = $SOURCE_ROOT/include;
				INFOPLIST_FILE = SDkTestIos1/Info.plist;
				IPHONEOS_DEPLOYMENT_TARGET = 6.0;
				LD_RUNPATH_SEARCH_PATHS = "$(inherited) @executable_path/Frameworks";
				LIBRARY_SEARCH_PATHS = (
					"$(inherited)",
					"$(PROJECT_DIR)/SDkTestIos1",
					"$(PROJECT_DIR)",
					"$(PROJECT_DIR)/SDkTestIos1/include/AdGateMedia",
					"$(PROJECT_DIR)/SDkTestIos1/include",
				);
				ONLY_ACTIVE_ARCH = NO;
				OTHER_LDFLAGS = "-ObjC";
				PRODUCT_BUNDLE_IDENTIFIER = com.adgatemedia.SDkTestIos1;
				PRODUCT_NAME = "$(TARGET_NAME)";
				PROVISIONING_PROFILE = "";
				PROVISIONING_PROFILE_SPECIFIER = "";
				TARGETED_DEVICE_FAMILY = "1,2";
			};
			name = Debug;
		};
		006B89BD1B493E24004890E2 /* Release */ = {
			isa = XCBuildConfiguration;
			buildSettings = {
				ASSETCATALOG_COMPILER_APPICON_NAME = AppIcon;
				CLANG_ALLOW_NON_MODULAR_INCLUDES_IN_FRAMEWORK_MODULES = YES;
				CODE_SIGN_IDENTITY = "iPhone Developer";
				"CODE_SIGN_IDENTITY[sdk=iphoneos*]" = "iPhone Developer";
				CODE_SIGN_STYLE = Automatic;
				DEVELOPMENT_TEAM = 827X265F96;
				FRAMEWORK_SEARCH_PATHS = (
					"$(inherited)",
					"$(PROJECT_DIR)/SDkTestIos1",
					"$(PROJECT_DIR)",
				);
				HEADER_SEARCH_PATHS = $SOURCE_ROOT/include;
				INFOPLIST_FILE = SDkTestIos1/Info.plist;
				IPHONEOS_DEPLOYMENT_TARGET = 6.0;
				LD_RUNPATH_SEARCH_PATHS = "$(inherited) @executable_path/Frameworks";
				LIBRARY_SEARCH_PATHS = (
					"$(inherited)",
					"$(PROJECT_DIR)/SDkTestIos1",
					"$(PROJECT_DIR)",
					"$(PROJECT_DIR)/SDkTestIos1/include/AdGateMedia",
					"$(PROJECT_DIR)/SDkTestIos1/include",
				);
				ONLY_ACTIVE_ARCH = NO;
				OTHER_LDFLAGS = "-ObjC";
				PRODUCT_BUNDLE_IDENTIFIER = com.adgatemedia.SDkTestIos1;
				PRODUCT_NAME = "$(TARGET_NAME)";
				PROVISIONING_PROFILE = "";
				"PROVISIONING_PROFILE[arch=*]" = "";
				PROVISIONING_PROFILE_SPECIFIER = "";
				TARGETED_DEVICE_FAMILY = "1,2";
			};
			name = Release;
		};
		006B89BF1B493E24004890E2 /* Debug */ = {
			isa = XCBuildConfiguration;
			buildSettings = {
				BUNDLE_LOADER = "$(TEST_HOST)";
				FRAMEWORK_SEARCH_PATHS = (
					"$(SDKROOT)/Developer/Library/Frameworks",
					"$(inherited)",
				);
				GCC_PREPROCESSOR_DEFINITIONS = (
					"DEBUG=1",
					"$(inherited)",
				);
				INFOPLIST_FILE = SDkTestIos1Tests/Info.plist;
				LD_RUNPATH_SEARCH_PATHS = "$(inherited) @executable_path/Frameworks @loader_path/Frameworks";
				PRODUCT_NAME = "$(TARGET_NAME)";
				TEST_HOST = "$(BUILT_PRODUCTS_DIR)/SDkTestIos1.app/SDkTestIos1";
			};
			name = Debug;
		};
		006B89C01B493E24004890E2 /* Release */ = {
			isa = XCBuildConfiguration;
			buildSettings = {
				BUNDLE_LOADER = "$(TEST_HOST)";
				FRAMEWORK_SEARCH_PATHS = (
					"$(SDKROOT)/Developer/Library/Frameworks",
					"$(inherited)",
				);
				INFOPLIST_FILE = SDkTestIos1Tests/Info.plist;
				LD_RUNPATH_SEARCH_PATHS = "$(inherited) @executable_path/Frameworks @loader_path/Frameworks";
				PRODUCT_NAME = "$(TARGET_NAME)";
				TEST_HOST = "$(BUILT_PRODUCTS_DIR)/SDkTestIos1.app/SDkTestIos1";
			};
			name = Release;
		};
/* End XCBuildConfiguration section */

/* Begin XCConfigurationList section */
		006B89931B493E24004890E2 /* Build configuration list for PBXProject "SDkTestIos1" */ = {
			isa = XCConfigurationList;
			buildConfigurations = (
				006B89B91B493E24004890E2 /* Debug */,
				006B89BA1B493E24004890E2 /* Release */,
			);
			defaultConfigurationIsVisible = 0;
			defaultConfigurationName = Release;
		};
		006B89BB1B493E24004890E2 /* Build configuration list for PBXNativeTarget "SDkTestIos1" */ = {
			isa = XCConfigurationList;
			buildConfigurations = (
				006B89BC1B493E24004890E2 /* Debug */,
				006B89BD1B493E24004890E2 /* Release */,
			);
			defaultConfigurationIsVisible = 0;
			defaultConfigurationName = Release;
		};
		006B89BE1B493E24004890E2 /* Build configuration list for PBXNativeTarget "SDkTestIos1Tests" */ = {
			isa = XCConfigurationList;
			buildConfigurations = (
				006B89BF1B493E24004890E2 /* Debug */,
				006B89C01B493E24004890E2 /* Release */,
			);
			defaultConfigurationIsVisible = 0;
			defaultConfigurationName = Release;
		};
/* End XCConfigurationList section */
	};
	rootObject = 006B89901B493E24004890E2 /* Project object */;
}
